
Microsoft Visual Studio Solution File, Format Version 12.00
# Visual Studio Version 17
VisualStudioVersion = 17.14.36202.13
MinimumVisualStudioVersion = 10.0.40219.1
Project("{FAE04EC0-301F-11D3-BF4B-00C04F79EFBC}") = "MiRegistroEstudiantes", "MiRegistroEstudiantes\MiRegistroEstudiantes.csproj", "{7349A034-A805-4635-8C2C-BE0E64E0C734}"
EndProject
Project("{FAE04EC0-301F-11D3-BF4B-00C04F79EFBC}") = "semana5", "..\semana5\semana5.csproj", "{7845DBE9-6FF5-4A7E-A916-AC8EDCD171A8}"
EndProject
Project("{FAE04EC0-301F-11D3-BF4B-00C04F79EFBC}") = "ListasEnlazadas", "..\ListasEnlazadas\ListasEnlazadas.csproj", "{902B6B63-49D9-431E-9AC1-DA6889F1BD40}"
EndProject
Project("{FAE04EC0-301F-11D3-BF4B-00C04F79EFBC}") = "semana6", "..\semana6\semana6.csproj", "{667D3FB9-81DF-4CE5-8D1E-6626A6308B9C}"
EndProject
Project("{FAE04EC0-301F-11D3-BF4B-00C04F79EFBC}") = "semana7", "..\semana7\semana7.csproj", "{20FB0122-28E5-401E-B68D-AEB9C6D0EE69}"
EndProject
Project("{FAE04EC0-301F-11D3-BF4B-00C04F79EFBC}") = "parque-atraccion-sistema", "..\parque-atraccion-sistema\parque-atraccion-sistema.csproj", "{E944E891-7F68-481C-889C-14AB41E83EBC}"
EndProject
Global
	GlobalSection(SolutionConfigurationPlatforms) = preSolution
		Debug|Any CPU = Debug|Any CPU
		Release|Any CPU = Release|Any CPU
	EndGlobalSection
	GlobalSection(ProjectConfigurationPlatforms) = postSolution
		{7349A034-A805-4635-8C2C-BE0E64E0C734}.Debug|Any CPU.ActiveCfg = Debug|Any CPU
		{7349A034-A805-4635-8C2C-BE0E64E0C734}.Debug|Any CPU.Build.0 = Debug|Any CPU
		{7349A034-A805-4635-8C2C-BE0E64E0C734}.Release|Any CPU.ActiveCfg = Release|Any CPU
		{7349A034-A805-4635-8C2C-BE0E64E0C734}.Release|Any CPU.Build.0 = Release|Any CPU
		{7845DBE9-6FF5-4A7E-A916-AC8EDCD171A8}.Debug|Any CPU.ActiveCfg = Debug|Any CPU
		{7845DBE9-6FF5-4A7E-A916-AC8EDCD171A8}.Debug|Any CPU.Build.0 = Debug|Any CPU
		{7845DBE9-6FF5-4A7E-A916-AC8EDCD171A8}.Release|Any CPU.ActiveCfg = Release|Any CPU
		{7845DBE9-6FF5-4A7E-A916-AC8EDCD171A8}.Release|Any CPU.Build.0 = Release|Any CPU
		{902B6B63-49D9-431E-9AC1-DA6889F1BD40}.Debug|Any CPU.ActiveCfg = Debug|Any CPU
		{902B6B63-49D9-431E-9AC1-DA6889F1BD40}.Debug|Any CPU.Build.0 = Debug|Any CPU
		{902B6B63-49D9-431E-9AC1-DA6889F1BD40}.Release|Any CPU.ActiveCfg = Release|Any CPU
		{902B6B63-49D9-431E-9AC1-DA6889F1BD40}.Release|Any CPU.Build.0 = Release|Any CPU
		{667D3FB9-81DF-4CE5-8D1E-6626A6308B9C}.Debug|Any CPU.ActiveCfg = Debug|Any CPU
		{667D3FB9-81DF-4CE5-8D1E-6626A6308B9C}.Debug|Any CPU.Build.0 = Debug|Any CPU
		{667D3FB9-81DF-4CE5-8D1E-6626A6308B9C}.Release|Any CPU.ActiveCfg = Release|Any CPU
		{667D3FB9-81DF-4CE5-8D1E-6626A6308B9C}.Release|Any CPU.Build.0 = Release|Any CPU
		{20FB0122-28E5-401E-B68D-AEB9C6D0EE69}.Debug|Any CPU.ActiveCfg = Debug|Any CPU
		{20FB0122-28E5-401E-B68D-AEB9C6D0EE69}.Debug|Any CPU.Build.0 = Debug|Any CPU
		{20FB0122-28E5-401E-B68D-AEB9C6D0EE69}.Release|Any CPU.ActiveCfg = Release|Any CPU
		{20FB0122-28E5-401E-B68D-AEB9C6D0EE69}.Release|Any CPU.Build.0 = Release|Any CPU
		{E944E891-7F68-481C-889C-14AB41E83EBC}.Debug|Any CPU.ActiveCfg = Debug|Any CPU
		{E944E891-7F68-481C-889C-14AB41E83EBC}.Debug|Any CPU.Build.0 = Debug|Any CPU
		{E944E891-7F68-481C-889C-14AB41E83EBC}.Release|Any CPU.ActiveCfg = Release|Any CPU
		{E944E891-7F68-481C-889C-14AB41E83EBC}.Release|Any CPU.Build.0 = Release|Any CPU
	EndGlobalSection
	GlobalSection(SolutionProperties) = preSolution
		HideSolutionNode = FALSE
	EndGlobalSection
	GlobalSection(ExtensibilityGlobals) = postSolution
		SolutionGuid = {1D89896F-9655-4975-9AF0-4A815944821B}
	EndGlobalSection
EndGlobal
